
Microsoft Visual Studio Solution File, Format Version 12.00
# Visual Studio Version 17
VisualStudioVersion = 17.8.34322.80
MinimumVisualStudioVersion = 10.0.40219.1
Project("{9092AA53-FB77-4645-B42D-1CCCA6BD08BD}") = "taobao", "taobao.njsproj", "{846D1A4D-7FB7-439F-B508-50B9E5F52F36}"
EndProject
Global
	GlobalSection(SolutionConfigurationPlatforms) = preSolution
		Debug|Any CPU = Debug|Any CPU
		Release|Any CPU = Release|Any CPU
	EndGlobalSection
	GlobalSection(ProjectConfigurationPlatforms) = postSolution
		{846D1A4D-7FB7-439F-B508-50B9E5F52F36}.Debug|Any CPU.ActiveCfg = Debug|Any CPU
		{846D1A4D-7FB7-439F-B508-50B9E5F52F36}.Debug|Any CPU.Build.0 = Debug|Any CPU
		{846D1A4D-7FB7-439F-B508-50B9E5F52F36}.Release|Any CPU.ActiveCfg = Release|Any CPU
		{846D1A4D-7FB7-439F-B508-50B9E5F52F36}.Release|Any CPU.Build.0 = Release|Any CPU
	EndGlobalSection
	GlobalSection(SolutionProperties) = preSolution
		HideSolutionNode = FALSE
	EndGlobalSection
	GlobalSection(ExtensibilityGlobals) = postSolution
		SolutionGuid = {5E180607-5DBE-4A4F-A855-58AAE6949571}
	EndGlobalSection
EndGlobal
